
Microsoft Visual Studio Solution File, Format Version 12.00
# Visual Studio 15
VisualStudioVersion = 15.0.28010.2048
MinimumVisualStudioVersion = 10.0.40219.1
Project("{8BC9CEB8-8B4A-11D0-8D11-00A0C91BC942}") = "Simplecode_5", "Simplecode_5\Simplecode_5.vcxproj", "{1BA21352-3785-4AC0-96E4-FF52A5A92BC8}"
EndProject
Global
	GlobalSection(SolutionConfigurationPlatforms) = preSolution
		Debug|x64 = Debug|x64
		Debug|x86 = Debug|x86
		Release|x64 = Release|x64
		Release|x86 = Release|x86
	EndGlobalSection
	GlobalSection(ProjectConfigurationPlatforms) = postSolution
		{1BA21352-3785-4AC0-96E4-FF52A5A92BC8}.Debug|x64.ActiveCfg = Debug|x64
		{1BA21352-3785-4AC0-96E4-FF52A5A92BC8}.Debug|x64.Build.0 = Debug|x64
		{1BA21352-3785-4AC0-96E4-FF52A5A92BC8}.Debug|x86.ActiveCfg = Debug|Win32
		{1BA21352-3785-4AC0-96E4-FF52A5A92BC8}.Debug|x86.Build.0 = Debug|Win32
		{1BA21352-3785-4AC0-96E4-FF52A5A92BC8}.Release|x64.ActiveCfg = Release|x64
		{1BA21352-3785-4AC0-96E4-FF52A5A92BC8}.Release|x64.Build.0 = Release|x64
		{1BA21352-3785-4AC0-96E4-FF52A5A92BC8}.Release|x86.ActiveCfg = Release|Win32
		{1BA21352-3785-4AC0-96E4-FF52A5A92BC8}.Release|x86.Build.0 = Release|Win32
	EndGlobalSection
	GlobalSection(SolutionProperties) = preSolution
		HideSolutionNode = FALSE
	EndGlobalSection
	GlobalSection(ExtensibilityGlobals) = postSolution
		SolutionGuid = {35863F6D-C381-4D46-A005-015FC4016D44}
	EndGlobalSection
EndGlobal
